// !$*UTF8*$!
{
	archiveVersion = 1;
	classes = {
	};
	objectVersion = 46;
	objects = {

/* Begin PBXBuildFile section */
		6703E19E1E5561D200765154 /* SRI.cpp in Sources */ = {isa = PBXBuildFile; fileRef = 6703E19D1E5561D200765154 /* SRI.cpp */; };
		6703E1A01E557CF900765154 /* KnowledgeBase.cpp in Sources */ = {isa = PBXBuildFile; fileRef = 6703E19F1E557CF900765154 /* KnowledgeBase.cpp */; };
		6703E1A31E56357000765154 /* Utility.cpp in Sources */ = {isa = PBXBuildFile; fileRef = 6703E1A11E56357000765154 /* Utility.cpp */; };
		6703E1A51E563E6600765154 /* RuleBase.cpp in Sources */ = {isa = PBXBuildFile; fileRef = 6703E1A41E563E6600765154 /* RuleBase.cpp */; };
		678441081E52B22E00706DDC /* main.cpp in Sources */ = {isa = PBXBuildFile; fileRef = 678441071E52B22E00706DDC /* main.cpp */; };
/* End PBXBuildFile section */

/* Begin PBXCopyFilesBuildPhase section */
		678441021E52B22E00706DDC /* CopyFiles */ = {
			isa = PBXCopyFilesBuildPhase;
			buildActionMask = 2147483647;
			dstPath = /usr/share/man/man1/;
			dstSubfolderSpec = 0;
			files = (
			);
			runOnlyForDeploymentPostprocessing = 1;
		};
/* End PBXCopyFilesBuildPhase section */

/* Begin PBXFileReference section */
		6703E19D1E5561D200765154 /* SRI.cpp */ = {isa = PBXFileReference; fileEncoding = 4; lastKnownFileType = sourcecode.cpp.cpp; path = SRI.cpp; sourceTree = "<group>"; };
		6703E19F1E557CF900765154 /* KnowledgeBase.cpp */ = {isa = PBXFileReference; fileEncoding = 4; lastKnownFileType = sourcecode.cpp.cpp; path = KnowledgeBase.cpp; sourceTree = "<group>"; };
		6703E1A11E56357000765154 /* Utility.cpp */ = {isa = PBXFileReference; fileEncoding = 4; lastKnownFileType = sourcecode.cpp.cpp; path = Utility.cpp; sourceTree = "<group>"; };
		6703E1A21E56357000765154 /* Utility.hpp */ = {isa = PBXFileReference; fileEncoding = 4; lastKnownFileType = sourcecode.cpp.h; path = Utility.hpp; sourceTree = "<group>"; };
		6703E1A41E563E6600765154 /* RuleBase.cpp */ = {isa = PBXFileReference; fileEncoding = 4; lastKnownFileType = sourcecode.cpp.cpp; path = RuleBase.cpp; sourceTree = "<group>"; };
		678441041E52B22E00706DDC /* SRI Layout */ = {isa = PBXFileReference; explicitFileType = "compiled.mach-o.executable"; includeInIndex = 0; path = "SRI Layout"; sourceTree = BUILT_PRODUCTS_DIR; };
		678441071E52B22E00706DDC /* main.cpp */ = {isa = PBXFileReference; lastKnownFileType = sourcecode.cpp.cpp; path = main.cpp; sourceTree = "<group>"; };
		6784410F1E52B26700706DDC /* KnowledgeBase.hpp */ = {isa = PBXFileReference; fileEncoding = 4; lastKnownFileType = sourcecode.cpp.h; path = KnowledgeBase.hpp; sourceTree = "<group>"; };
		678441121E52B6B600706DDC /* RuleBase.hpp */ = {isa = PBXFileReference; fileEncoding = 4; lastKnownFileType = sourcecode.cpp.h; path = RuleBase.hpp; sourceTree = "<group>"; };
		678441151E52BC2700706DDC /* SRI.hpp */ = {isa = PBXFileReference; fileEncoding = 4; lastKnownFileType = sourcecode.cpp.h; path = SRI.hpp; sourceTree = "<group>"; };
/* End PBXFileReference section */

/* Begin PBXFrameworksBuildPhase section */
		678441011E52B22E00706DDC /* Frameworks */ = {
			isa = PBXFrameworksBuildPhase;
			buildActionMask = 2147483647;
			files = (
			);
			runOnlyForDeploymentPostprocessing = 0;
		};
/* End PBXFrameworksBuildPhase section */

/* Begin PBXGroup section */
		678440FB1E52B22E00706DDC = {
			isa = PBXGroup;
			children = (
				678441061E52B22E00706DDC /* SRI Layout */,
				678441051E52B22E00706DDC /* Products */,
			);
			sourceTree = "<group>";
		};
		678441051E52B22E00706DDC /* Products */ = {
			isa = PBXGroup;
			children = (
				678441041E52B22E00706DDC /* SRI Layout */,
			);
			name = Products;
			sourceTree = "<group>";
		};
		678441061E52B22E00706DDC /* SRI Layout */ = {
			isa = PBXGroup;
			children = (
				678441071E52B22E00706DDC /* main.cpp */,
				6784410F1E52B26700706DDC /* KnowledgeBase.hpp */,
				6703E19F1E557CF900765154 /* KnowledgeBase.cpp */,
				678441121E52B6B600706DDC /* RuleBase.hpp */,
				6703E1A41E563E6600765154 /* RuleBase.cpp */,
				678441151E52BC2700706DDC /* SRI.hpp */,
				6703E19D1E5561D200765154 /* SRI.cpp */,
				6703E1A11E56357000765154 /* Utility.cpp */,
				6703E1A21E56357000765154 /* Utility.hpp */,
			);
			path = "SRI Layout";
			sourceTree = "<group>";
		};
/* End PBXGroup section */

/* Begin PBXNativeTarget section */
		678441031E52B22E00706DDC /* SRI Layout */ = {
			isa = PBXNativeTarget;
			buildConfigurationList = 6784410B1E52B22E00706DDC /* Build configuration list for PBXNativeTarget "SRI Layout" */;
			buildPhases = (
				678441001E52B22E00706DDC /* Sources */,
				678441011E52B22E00706DDC /* Frameworks */,
				678441021E52B22E00706DDC /* CopyFiles */,
			);
			buildRules = (
			);
			dependencies = (
			);
			name = "SRI Layout";
			productName = "SRI Layout";
			productReference = 678441041E52B22E00706DDC /* SRI Layout */;
			productType = "com.apple.product-type.tool";
		};
/* End PBXNativeTarget section */

/* Begin PBXProject section */
		678440FC1E52B22E00706DDC /* Project object */ = {
			isa = PBXProject;
			attributes = {
				LastUpgradeCheck = 0820;
				ORGANIZATIONNAME = Jarrett;
				TargetAttributes = {
					678441031E52B22E00706DDC = {
						CreatedOnToolsVersion = 8.2.1;
						ProvisioningStyle = Automatic;
					};
				};
			};
			buildConfigurationList = 678440FF1E52B22E00706DDC /* Build configuration list for PBXProject "SRI Layout" */;
			compatibilityVersion = "Xcode 3.2";
			developmentRegion = English;
			hasScannedForEncodings = 0;
			knownRegions = (
				en,
			);
			mainGroup = 678440FB1E52B22E00706DDC;
			productRefGroup = 678441051E52B22E00706DDC /* Products */;
			projectDirPath = "";
			projectRoot = "";
			targets = (
				678441031E52B22E00706DDC /* SRI Layout */,
			);
		};
/* End PBXProject section */

/* Begin PBXSourcesBuildPhase section */
		678441001E52B22E00706DDC /* Sources */ = {
			isa = PBXSourcesBuildPhase;
			buildActionMask = 2147483647;
			files = (
				6703E1A31E56357000765154 /* Utility.cpp in Sources */,
				6703E1A51E563E6600765154 /* RuleBase.cpp in Sources */,
				6703E19E1E5561D200765154 /* SRI.cpp in Sources */,
				6703E1A01E557CF900765154 /* KnowledgeBase.cpp in Sources */,
				678441081E52B22E00706DDC /* main.cpp in Sources */,
			);
			runOnlyForDeploymentPostprocessing = 0;
		};
/* End PBXSourcesBuildPhase section */

/* Begin XCBuildConfiguration section */
		678441091E52B22E00706DDC /* Debug */ = {
			isa = XCBuildConfiguration;
			buildSettings = {
				ALWAYS_SEARCH_USER_PATHS = NO;
				CLANG_ANALYZER_NONNULL = YES;
				CLANG_CXX_LANGUAGE_STANDARD = "gnu++0x";
				CLANG_CXX_LIBRARY = "libc++";
				CLANG_ENABLE_MODULES = YES;
				CLANG_ENABLE_OBJC_ARC = YES;
				CLANG_WARN_BOOL_CONVERSION = YES;
				CLANG_WARN_CONSTANT_CONVERSION = YES;
				CLANG_WARN_DIRECT_OBJC_ISA_USAGE = YES_ERROR;
				CLANG_WARN_DOCUMENTATION_COMMENTS = YES;
				CLANG_WARN_EMPTY_BODY = YES;
				CLANG_WARN_ENUM_CONVERSION = YES;
				CLANG_WARN_INFINITE_RECURSION = YES;
				CLANG_WARN_INT_CONVERSION = YES;
				CLANG_WARN_OBJC_ROOT_CLASS = YES_ERROR;
				CLANG_WARN_SUSPICIOUS_MOVE = YES;
				CLANG_WARN_UNREACHABLE_CODE = YES;
				CLANG_WARN__DUPLICATE_METHOD_MATCH = YES;
				CODE_SIGN_IDENTITY = "-";
				COPY_PHASE_STRIP = NO;
				DEBUG_INFORMATION_FORMAT = dwarf;
				ENABLE_STRICT_OBJC_MSGSEND = YES;
				ENABLE_TESTABILITY = YES;
				GCC_C_LANGUAGE_STANDARD = gnu99;
				GCC_DYNAMIC_NO_PIC = NO;
				GCC_NO_COMMON_BLOCKS = YES;
				GCC_OPTIMIZATION_LEVEL = 0;
				GCC_PREPROCESSOR_DEFINITIONS = (
					"DEBUG=1",
					"$(inherited)",
				);
				GCC_WARN_64_TO_32_BIT_CONVERSION = YES;
				GCC_WARN_ABOUT_RETURN_TYPE = YES_ERROR;
				GCC_WARN_UNDECLARED_SELECTOR = YES;
				GCC_WARN_UNINITIALIZED_AUTOS = YES_AGGRESSIVE;
				GCC_WARN_UNUSED_FUNCTION = YES;
				GCC_WARN_UNUSED_VARIABLE = YES;
				MACOSX_DEPLOYMENT_TARGET = 10.11;
				MTL_ENABLE_DEBUG_INFO = YES;
				ONLY_ACTIVE_ARCH = YES;
				SDKROOT = macosx;
			};
			name = Debug;
		};
		6784410A1E52B22E00706DDC /* Release */ = {
			isa = XCBuildConfiguration;
			buildSettings = {
				ALWAYS_SEARCH_USER_PATHS = NO;
				CLANG_ANALYZER_NONNULL = YES;
				CLANG_CXX_LANGUAGE_STANDARD = "gnu++0x";
				CLANG_CXX_LIBRARY = "libc++";
				CLANG_ENABLE_MODULES = YES;
				CLANG_ENABLE_OBJC_ARC = YES;
				CLANG_WARN_BOOL_CONVERSION = YES;
				CLANG_WARN_CONSTANT_CONVERSION = YES;
				CLANG_WARN_DIRECT_OBJC_ISA_USAGE = YES_ERROR;
				CLANG_WARN_DOCUMENTATION_COMMENTS = YES;
				CLANG_WARN_EMPTY_BODY = YES;
				CLANG_WARN_ENUM_CONVERSION = YES;
				CLANG_WARN_INFINITE_RECURSION = YES;
				CLANG_WARN_INT_CONVERSION = YES;
				CLANG_WARN_OBJC_ROOT_CLASS = YES_ERROR;
				CLANG_WARN_SUSPICIOUS_MOVE = YES;
				CLANG_WARN_UNREACHABLE_CODE = YES;
				CLANG_WARN__DUPLICATE_METHOD_MATCH = YES;
				CODE_SIGN_IDENTITY = "-";
				COPY_PHASE_STRIP = NO;
				DEBUG_INFORMATION_FORMAT = "dwarf-with-dsym";
				ENABLE_NS_ASSERTIONS = NO;
				ENABLE_STRICT_OBJC_MSGSEND = YES;
				GCC_C_LANGUAGE_STANDARD = gnu99;
				GCC_NO_COMMON_BLOCKS = YES;
				GCC_WARN_64_TO_32_BIT_CONVERSION = YES;
				GCC_WARN_ABOUT_RETURN_TYPE = YES_ERROR;
				GCC_WARN_UNDECLARED_SELECTOR = YES;
				GCC_WARN_UNINITIALIZED_AUTOS = YES_AGGRESSIVE;
				GCC_WARN_UNUSED_FUNCTION = YES;
				GCC_WARN_UNUSED_VARIABLE = YES;
				MACOSX_DEPLOYMENT_TARGET = 10.11;
				MTL_ENABLE_DEBUG_INFO = NO;
				SDKROOT = macosx;
			};
			name = Release;
		};
		6784410C1E52B22E00706DDC /* Debug */ = {
			isa = XCBuildConfiguration;
			buildSettings = {
				PRODUCT_NAME = "$(TARGET_NAME)";
			};
			name = Debug;
		};
		6784410D1E52B22E00706DDC /* Release */ = {
			isa = XCBuildConfiguration;
			buildSettings = {
				PRODUCT_NAME = "$(TARGET_NAME)";
			};
			name = Release;
		};
/* End XCBuildConfiguration section */

/* Begin XCConfigurationList section */
		678440FF1E52B22E00706DDC /* Build configuration list for PBXProject "SRI Layout" */ = {
			isa = XCConfigurationList;
			buildConfigurations = (
				678441091E52B22E00706DDC /* Debug */,
				6784410A1E52B22E00706DDC /* Release */,
			);
			defaultConfigurationIsVisible = 0;
			defaultConfigurationName = Release;
		};
		6784410B1E52B22E00706DDC /* Build configuration list for PBXNativeTarget "SRI Layout" */ = {
			isa = XCConfigurationList;
			buildConfigurations = (
				6784410C1E52B22E00706DDC /* Debug */,
				6784410D1E52B22E00706DDC /* Release */,
			);
			defaultConfigurationIsVisible = 0;
			defaultConfigurationName = Release;
		};
/* End XCConfigurationList section */
	};
	rootObject = 678440FC1E52B22E00706DDC /* Project object */;
}
